github.com/alfiqo/go-say-hello v1.0.0 h1:plyQtAphjXRjjX5MjPUDpVizSTKy/9vt/QDWtnMLH8U=
github.com/alfiqo/go-say-hello v1.0.0/go.mod h1:fADGaOT2Tf9pPzmTJrnxZixXFHCZ+q6lJX5/WpBxBEA=
github.com/alfiqo/go-say-hello v1.5.0 h1:9phCQ0FxxqmMxT75Zmm/8axeDoIlA/K8V3i5DsmPBxQ=
github.com/alfiqo/go-say-hello v1.5.0/go.mod h1:fADGaOT2Tf9pPzmTJrnxZixXFHCZ+q6lJX5/WpBxBEA=
github.com/alfiqo/go-say-hello/v2 v2.0.0 h1:RJFbHy2qDFmDcZQ/auMqluMzhfJcnEcg0JAjx4w4Zw8=
github.com/alfiqo/go-say-hello/v2 v2.0.0/go.mod h1:0hZJS9L6BG1FhcvJzwWpnyS5Yf45TBdz3Qt8gWe4opI=
